DEPENDENCIES
  et_haproxy
    path: .
    metadata: true
  et_hostname
  et_nginx

GRAPH
  apt (2.4.0)
  bluepill (2.3.1)
    rsyslog (>= 0.0.0)
  build-essential (2.0.4)
  certificate (0.5.0)
  chef-sugar (2.0.0)
  chef_handler (1.1.6)
  dmg (2.2.0)
  et_fog (1.0.5)
    apt (>= 0.0.0)
    build-essential (>= 0.0.0)
    git (~> 4.0)
  et_haproxy (3.1.1)
    apt (>= 0.0.0)
    certificate (= 0.5.0)
    et_fog (= 1.0.5)
    et_users (~> 1.4)
    logrotate (>= 1.5.0)
    newrelic-ng (~> 0.4.0)
    openssl (>= 0.0.0)
    stunnel (= 2.0.4)
    sudo (~> 2.5.2)
  et_hostname (1.0.3)
  et_nginx (2.0.1)
    apt (~> 2.2)
    bluepill (~> 2.3)
    build-essential (~> 2.0)
    ohai (~> 2.0)
    runit (~> 1.2)
    yum-epel (~> 0.3)
  et_users (1.4.4)
  git (4.0.2)
    build-essential (>= 0.0.0)
    dmg (>= 0.0.0)
    runit (>= 1.0.0)
    windows (>= 0.0.0)
    yum (~> 3.0)
    yum-epel (>= 0.0.0)
  iis (2.1.2)
    windows (>= 1.2.6)
  logrotate (1.6.0)
  mysql (5.3.4)
    yum-mysql-community (>= 0.0.0)
  newrelic-ng (0.4.0)
    apt (>= 0.0.0)
    build-essential (>= 0.0.0)
    php (>= 0.0.0)
    python (>= 0.0.0)
  ohai (2.0.1)
  openssl (2.0.0)
    chef-sugar (>= 0.0.0)
  php (1.4.6)
    build-essential (>= 0.0.0)
    iis (>= 0.0.0)
    mysql (>= 0.0.0)
    windows (>= 0.0.0)
    xml (>= 0.0.0)
    yum-epel (>= 0.0.0)
  python (1.4.6)
    build-essential (>= 0.0.0)
    yum-epel (>= 0.0.0)
  rsyslog (1.12.3)
  runit (1.5.10)
    build-essential (>= 0.0.0)
    yum (~> 3.0)
    yum-epel (>= 0.0.0)
  stunnel (2.0.4)
  sudo (2.5.2)
  windows (1.31.0)
    chef_handler (>= 0.0.0)
  xml (1.2.4)
    build-essential (>= 0.0.0)
  yum (3.2.2)
  yum-epel (0.3.6)
    yum (~> 3.0)
  yum-mysql-community (0.1.6)
    yum (>= 3.0.0)
